
Microsoft Visual Studio Solution File, Format Version 12.00
# Visual Studio Version 17
VisualStudioVersion = 17.10.34916.146
MinimumVisualStudioVersion = 10.0.40219.1
Project("{FAE04EC0-301F-11D3-BF4B-00C04F79EFBC}") = "OutlokktoSharePointIntegration", "OutlokktoSharePointIntegration\OutlokktoSharePointIntegration.csproj", "{69049CB0-3512-4754-9605-686F57812FD1}"
EndProject
Global
	GlobalSection(SolutionConfigurationPlatforms) = preSolution
		Debug|Any CPU = Debug|Any CPU
		Release|Any CPU = Release|Any CPU
	EndGlobalSection
	GlobalSection(ProjectConfigurationPlatforms) = postSolution
		{69049CB0-3512-4754-9605-686F57812FD1}.Debug|Any CPU.ActiveCfg = Debug|Any CPU
		{69049CB0-3512-4754-9605-686F57812FD1}.Debug|Any CPU.Build.0 = Debug|Any CPU
		{69049CB0-3512-4754-9605-686F57812FD1}.Release|Any CPU.ActiveCfg = Release|Any CPU
		{69049CB0-3512-4754-9605-686F57812FD1}.Release|Any CPU.Build.0 = Release|Any CPU
	EndGlobalSection
	GlobalSection(SolutionProperties) = preSolution
		HideSolutionNode = FALSE
	EndGlobalSection
	GlobalSection(ExtensibilityGlobals) = postSolution
		SolutionGuid = {14EC90AB-BC81-4760-9176-AB25C5276DBC}
	EndGlobalSection
EndGlobal
