
Microsoft Visual Studio Solution File, Format Version 12.00
# Visual Studio Version 17
VisualStudioVersion = 17.10.34916.146
MinimumVisualStudioVersion = 10.0.40219.1
Project("{FAE04EC0-301F-11D3-BF4B-00C04F79EFBC}") = "HangFireDemo", "HangFireDemo\HangFireDemo.csproj", "{B13115F6-DC7C-47C3-9CA9-D44B2016A1C9}"
EndProject
Global
	GlobalSection(SolutionConfigurationPlatforms) = preSolution
		Debug|Any CPU = Debug|Any CPU
		Release|Any CPU = Release|Any CPU
	EndGlobalSection
	GlobalSection(ProjectConfigurationPlatforms) = postSolution
		{B13115F6-DC7C-47C3-9CA9-D44B2016A1C9}.Debug|Any CPU.ActiveCfg = Debug|Any CPU
		{B13115F6-DC7C-47C3-9CA9-D44B2016A1C9}.Debug|Any CPU.Build.0 = Debug|Any CPU
		{B13115F6-DC7C-47C3-9CA9-D44B2016A1C9}.Release|Any CPU.ActiveCfg = Release|Any CPU
		{B13115F6-DC7C-47C3-9CA9-D44B2016A1C9}.Release|Any CPU.Build.0 = Release|Any CPU
	EndGlobalSection
	GlobalSection(SolutionProperties) = preSolution
		HideSolutionNode = FALSE
	EndGlobalSection
	GlobalSection(ExtensibilityGlobals) = postSolution
		SolutionGuid = {A6681A56-82F6-41B9-A723-4E9102360E21}
	EndGlobalSection
EndGlobal
