
Microsoft Visual Studio Solution File, Format Version 12.00
# Visual Studio Version 17
VisualStudioVersion = 17.10.34916.146
MinimumVisualStudioVersion = 10.0.40219.1
Project("{FAE04EC0-301F-11D3-BF4B-00C04F79EFBC}") = "SharePointDemo", "SharePointDemo\SharePointDemo.csproj", "{C1FD812D-4A31-4B78-B222-AC71053F5512}"
EndProject
Global
	GlobalSection(SolutionConfigurationPlatforms) = preSolution
		Debug|Any CPU = Debug|Any CPU
		Release|Any CPU = Release|Any CPU
	EndGlobalSection
	GlobalSection(ProjectConfigurationPlatforms) = postSolution
		{C1FD812D-4A31-4B78-B222-AC71053F5512}.Debug|Any CPU.ActiveCfg = Debug|Any CPU
		{C1FD812D-4A31-4B78-B222-AC71053F5512}.Debug|Any CPU.Build.0 = Debug|Any CPU
		{C1FD812D-4A31-4B78-B222-AC71053F5512}.Release|Any CPU.ActiveCfg = Release|Any CPU
		{C1FD812D-4A31-4B78-B222-AC71053F5512}.Release|Any CPU.Build.0 = Release|Any CPU
	EndGlobalSection
	GlobalSection(SolutionProperties) = preSolution
		HideSolutionNode = FALSE
	EndGlobalSection
	GlobalSection(ExtensibilityGlobals) = postSolution
		SolutionGuid = {6091526D-AAC7-4B63-8DF0-B727CB9181F4}
	EndGlobalSection
EndGlobal
