
Microsoft Visual Studio Solution File, Format Version 12.00
# Visual Studio Version 17
VisualStudioVersion = 17.10.34916.146
MinimumVisualStudioVersion = 10.0.40219.1
Project("{FAE04EC0-301F-11D3-BF4B-00C04F79EFBC}") = "SeleniumTest", "SeleniumTest\SeleniumTest.csproj", "{B769E752-B974-4721-970F-E3A5A29DD532}"
EndProject
Global
	GlobalSection(SolutionConfigurationPlatforms) = preSolution
		Debug|Any CPU = Debug|Any CPU
		Release|Any CPU = Release|Any CPU
	EndGlobalSection
	GlobalSection(ProjectConfigurationPlatforms) = postSolution
		{B769E752-B974-4721-970F-E3A5A29DD532}.Debug|Any CPU.ActiveCfg = Debug|Any CPU
		{B769E752-B974-4721-970F-E3A5A29DD532}.Debug|Any CPU.Build.0 = Debug|Any CPU
		{B769E752-B974-4721-970F-E3A5A29DD532}.Release|Any CPU.ActiveCfg = Release|Any CPU
		{B769E752-B974-4721-970F-E3A5A29DD532}.Release|Any CPU.Build.0 = Release|Any CPU
	EndGlobalSection
	GlobalSection(SolutionProperties) = preSolution
		HideSolutionNode = FALSE
	EndGlobalSection
	GlobalSection(ExtensibilityGlobals) = postSolution
		SolutionGuid = {B195C5A5-8168-442A-A00D-522B9DFCA5C3}
	EndGlobalSection
EndGlobal
