
Microsoft Visual Studio Solution File, Format Version 12.00
# Visual Studio Version 17
VisualStudioVersion = 17.10.34916.146
MinimumVisualStudioVersion = 10.0.40219.1
Project("{FAE04EC0-301F-11D3-BF4B-00C04F79EFBC}") = "WriteExcelWithOneDrive", "WriteExcelWithOneDrive\WriteExcelWithOneDrive.csproj", "{94E6A9D7-4051-4B06-9F31-9A4446B2CE26}"
EndProject
Global
	GlobalSection(SolutionConfigurationPlatforms) = preSolution
		Debug|Any CPU = Debug|Any CPU
		Release|Any CPU = Release|Any CPU
	EndGlobalSection
	GlobalSection(ProjectConfigurationPlatforms) = postSolution
		{94E6A9D7-4051-4B06-9F31-9A4446B2CE26}.Debug|Any CPU.ActiveCfg = Debug|Any CPU
		{94E6A9D7-4051-4B06-9F31-9A4446B2CE26}.Debug|Any CPU.Build.0 = Debug|Any CPU
		{94E6A9D7-4051-4B06-9F31-9A4446B2CE26}.Release|Any CPU.ActiveCfg = Release|Any CPU
		{94E6A9D7-4051-4B06-9F31-9A4446B2CE26}.Release|Any CPU.Build.0 = Release|Any CPU
	EndGlobalSection
	GlobalSection(SolutionProperties) = preSolution
		HideSolutionNode = FALSE
	EndGlobalSection
	GlobalSection(ExtensibilityGlobals) = postSolution
		SolutionGuid = {F14B8FD3-964E-4516-B851-F4D770994ECD}
	EndGlobalSection
EndGlobal
