
Microsoft Visual Studio Solution File, Format Version 12.00
# Visual Studio Version 17
VisualStudioVersion = 17.10.34916.146
MinimumVisualStudioVersion = 10.0.40219.1
Project("{FAE04EC0-301F-11D3-BF4B-00C04F79EFBC}") = "Day-7", "Day-7\Day-7.csproj", "{856CDD5C-CEA3-403A-B1B2-AC70B7651A4E}"
EndProject
Global
	GlobalSection(SolutionConfigurationPlatforms) = preSolution
		Debug|Any CPU = Debug|Any CPU
		Release|Any CPU = Release|Any CPU
	EndGlobalSection
	GlobalSection(ProjectConfigurationPlatforms) = postSolution
		{856CDD5C-CEA3-403A-B1B2-AC70B7651A4E}.Debug|Any CPU.ActiveCfg = Debug|Any CPU
		{856CDD5C-CEA3-403A-B1B2-AC70B7651A4E}.Debug|Any CPU.Build.0 = Debug|Any CPU
		{856CDD5C-CEA3-403A-B1B2-AC70B7651A4E}.Release|Any CPU.ActiveCfg = Release|Any CPU
		{856CDD5C-CEA3-403A-B1B2-AC70B7651A4E}.Release|Any CPU.Build.0 = Release|Any CPU
	EndGlobalSection
	GlobalSection(SolutionProperties) = preSolution
		HideSolutionNode = FALSE
	EndGlobalSection
	GlobalSection(ExtensibilityGlobals) = postSolution
		SolutionGuid = {29266F05-E663-42C5-965E-EA3A91CE3AA5}
	EndGlobalSection
EndGlobal
