
Microsoft Visual Studio Solution File, Format Version 12.00
# Visual Studio Version 17
VisualStudioVersion = 17.10.34916.146
MinimumVisualStudioVersion = 10.0.40219.1
Project("{FAE04EC0-301F-11D3-BF4B-00C04F79EFBC}") = "DemoITextModification", "DemoITextModification\DemoITextModification.csproj", "{E702928F-D5DD-40D7-AABB-EF0A9AC32C5C}"
EndProject
Global
	GlobalSection(SolutionConfigurationPlatforms) = preSolution
		Debug|Any CPU = Debug|Any CPU
		Release|Any CPU = Release|Any CPU
	EndGlobalSection
	GlobalSection(ProjectConfigurationPlatforms) = postSolution
		{E702928F-D5DD-40D7-AABB-EF0A9AC32C5C}.Debug|Any CPU.ActiveCfg = Debug|Any CPU
		{E702928F-D5DD-40D7-AABB-EF0A9AC32C5C}.Debug|Any CPU.Build.0 = Debug|Any CPU
		{E702928F-D5DD-40D7-AABB-EF0A9AC32C5C}.Release|Any CPU.ActiveCfg = Release|Any CPU
		{E702928F-D5DD-40D7-AABB-EF0A9AC32C5C}.Release|Any CPU.Build.0 = Release|Any CPU
	EndGlobalSection
	GlobalSection(SolutionProperties) = preSolution
		HideSolutionNode = FALSE
	EndGlobalSection
	GlobalSection(ExtensibilityGlobals) = postSolution
		SolutionGuid = {C6522E53-E047-4510-B28D-A5C02F4F3002}
	EndGlobalSection
EndGlobal
