
Microsoft Visual Studio Solution File, Format Version 12.00
# Visual Studio Version 17
VisualStudioVersion = 17.5.002.0
MinimumVisualStudioVersion = 10.0.40219.1
Project("{9A19103F-16F7-4668-BE54-9A1E7A4F7556}") = "bankapp", "bankapp.csproj", "{F2FACEA7-7349-4CEA-B2C4-A42A11086A0B}"
EndProject
Global
	GlobalSection(SolutionConfigurationPlatforms) = preSolution
		Debug|Any CPU = Debug|Any CPU
		Release|Any CPU = Release|Any CPU
	EndGlobalSection
	GlobalSection(ProjectConfigurationPlatforms) = postSolution
		{F2FACEA7-7349-4CEA-B2C4-A42A11086A0B}.Debug|Any CPU.ActiveCfg = Debug|Any CPU
		{F2FACEA7-7349-4CEA-B2C4-A42A11086A0B}.Debug|Any CPU.Build.0 = Debug|Any CPU
		{F2FACEA7-7349-4CEA-B2C4-A42A11086A0B}.Release|Any CPU.ActiveCfg = Release|Any CPU
		{F2FACEA7-7349-4CEA-B2C4-A42A11086A0B}.Release|Any CPU.Build.0 = Release|Any CPU
	EndGlobalSection
	GlobalSection(SolutionProperties) = preSolution
		HideSolutionNode = FALSE
	EndGlobalSection
	GlobalSection(ExtensibilityGlobals) = postSolution
		SolutionGuid = {5190B0C1-9CA9-4799-ADFA-5FE149AF93DB}
	EndGlobalSection
EndGlobal
