
Microsoft Visual Studio Solution File, Format Version 12.00
# Visual Studio Version 17
VisualStudioVersion = 17.10.34916.146
MinimumVisualStudioVersion = 10.0.40219.1
Project("{FAE04EC0-301F-11D3-BF4B-00C04F79EFBC}") = "Day-10", "Day-10\Day-10.csproj", "{D023C1D8-854C-4AE3-A447-0E1642C65B85}"
EndProject
Global
	GlobalSection(SolutionConfigurationPlatforms) = preSolution
		Debug|Any CPU = Debug|Any CPU
		Release|Any CPU = Release|Any CPU
	EndGlobalSection
	GlobalSection(ProjectConfigurationPlatforms) = postSolution
		{D023C1D8-854C-4AE3-A447-0E1642C65B85}.Debug|Any CPU.ActiveCfg = Debug|Any CPU
		{D023C1D8-854C-4AE3-A447-0E1642C65B85}.Debug|Any CPU.Build.0 = Debug|Any CPU
		{D023C1D8-854C-4AE3-A447-0E1642C65B85}.Release|Any CPU.ActiveCfg = Release|Any CPU
		{D023C1D8-854C-4AE3-A447-0E1642C65B85}.Release|Any CPU.Build.0 = Release|Any CPU
	EndGlobalSection
	GlobalSection(SolutionProperties) = preSolution
		HideSolutionNode = FALSE
	EndGlobalSection
	GlobalSection(ExtensibilityGlobals) = postSolution
		SolutionGuid = {2BD743FD-CC81-4F63-A08D-1EE404CF395F}
	EndGlobalSection
EndGlobal
