
Microsoft Visual Studio Solution File, Format Version 12.00
# Visual Studio Version 17
VisualStudioVersion = 17.10.34916.146
MinimumVisualStudioVersion = 10.0.40219.1
Project("{FAE04EC0-301F-11D3-BF4B-00C04F79EFBC}") = "WebApplication1", "WebApplication1\WebApplication1.csproj", "{613ECB3D-E7AA-480A-93A7-DB76E6AFF609}"
EndProject
Global
	GlobalSection(SolutionConfigurationPlatforms) = preSolution
		Debug|Any CPU = Debug|Any CPU
		Release|Any CPU = Release|Any CPU
	EndGlobalSection
	GlobalSection(ProjectConfigurationPlatforms) = postSolution
		{613ECB3D-E7AA-480A-93A7-DB76E6AFF609}.Debug|Any CPU.ActiveCfg = Debug|Any CPU
		{613ECB3D-E7AA-480A-93A7-DB76E6AFF609}.Debug|Any CPU.Build.0 = Debug|Any CPU
		{613ECB3D-E7AA-480A-93A7-DB76E6AFF609}.Release|Any CPU.ActiveCfg = Release|Any CPU
		{613ECB3D-E7AA-480A-93A7-DB76E6AFF609}.Release|Any CPU.Build.0 = Release|Any CPU
	EndGlobalSection
	GlobalSection(SolutionProperties) = preSolution
		HideSolutionNode = FALSE
	EndGlobalSection
	GlobalSection(ExtensibilityGlobals) = postSolution
		SolutionGuid = {1A22CB65-1237-43C3-BD4D-5E4A2E9CD6A8}
	EndGlobalSection
EndGlobal
