
Microsoft Visual Studio Solution File, Format Version 12.00
# Visual Studio Version 17
VisualStudioVersion = 17.10.34916.146
MinimumVisualStudioVersion = 10.0.40219.1
Project("{FAE04EC0-301F-11D3-BF4B-00C04F79EFBC}") = "Day-6", "Day-6\Day-6.csproj", "{8EA2BE56-6229-4398-847A-34B6D79B51AE}"
EndProject
Global
	GlobalSection(SolutionConfigurationPlatforms) = preSolution
		Debug|Any CPU = Debug|Any CPU
		Release|Any CPU = Release|Any CPU
	EndGlobalSection
	GlobalSection(ProjectConfigurationPlatforms) = postSolution
		{8EA2BE56-6229-4398-847A-34B6D79B51AE}.Debug|Any CPU.ActiveCfg = Debug|Any CPU
		{8EA2BE56-6229-4398-847A-34B6D79B51AE}.Debug|Any CPU.Build.0 = Debug|Any CPU
		{8EA2BE56-6229-4398-847A-34B6D79B51AE}.Release|Any CPU.ActiveCfg = Release|Any CPU
		{8EA2BE56-6229-4398-847A-34B6D79B51AE}.Release|Any CPU.Build.0 = Release|Any CPU
	EndGlobalSection
	GlobalSection(SolutionProperties) = preSolution
		HideSolutionNode = FALSE
	EndGlobalSection
	GlobalSection(ExtensibilityGlobals) = postSolution
		SolutionGuid = {1E95BFCE-FA08-4244-BFDB-9A6EC0B9EA77}
	EndGlobalSection
EndGlobal
